
Microsoft Visual Studio Solution File, Format Version 12.00
# Visual Studio Version 17
VisualStudioVersion = 17.5.33424.131
MinimumVisualStudioVersion = 10.0.40219.1
Project("{9A19103F-16F7-4668-BE54-9A1E7A4F7556}") = "StockControlProject.Entities", "StockControlProject.Entities\StockControlProject.Entities.csproj", "{F5C3828C-2CEC-4853-A46E-39F2D260DA12}"
EndProject
Project("{9A19103F-16F7-4668-BE54-9A1E7A4F7556}") = "StockControlProject.Repository", "StockControlProject.Repository\StockControlProject.Repository.csproj", "{78D82413-2D93-4F92-B247-536CABBA5077}"
EndProject
Project("{9A19103F-16F7-4668-BE54-9A1E7A4F7556}") = "StockControlProject.Service", "StockControlProject.Service\StockControlProject.Service.csproj", "{404ACE72-D619-4B43-9739-5A5E9AC4EDE8}"
EndProject
Project("{FAE04EC0-301F-11D3-BF4B-00C04F79EFBC}") = "StockControlProject.Api", "StockControlProject.Api\StockControlProject.Api.csproj", "{2BDC043B-A17E-4ACB-9696-3E2A92309BED}"
EndProject
Global
	GlobalSection(SolutionConfigurationPlatforms) = preSolution
		Debug|Any CPU = Debug|Any CPU
		Release|Any CPU = Release|Any CPU
	EndGlobalSection
	GlobalSection(ProjectConfigurationPlatforms) = postSolution
		{F5C3828C-2CEC-4853-A46E-39F2D260DA12}.Debug|Any CPU.ActiveCfg = Debug|Any CPU
		{F5C3828C-2CEC-4853-A46E-39F2D260DA12}.Debug|Any CPU.Build.0 = Debug|Any CPU
		{F5C3828C-2CEC-4853-A46E-39F2D260DA12}.Release|Any CPU.ActiveCfg = Release|Any CPU
		{F5C3828C-2CEC-4853-A46E-39F2D260DA12}.Release|Any CPU.Build.0 = Release|Any CPU
		{78D82413-2D93-4F92-B247-536CABBA5077}.Debug|Any CPU.ActiveCfg = Debug|Any CPU
		{78D82413-2D93-4F92-B247-536CABBA5077}.Debug|Any CPU.Build.0 = Debug|Any CPU
		{78D82413-2D93-4F92-B247-536CABBA5077}.Release|Any CPU.ActiveCfg = Release|Any CPU
		{78D82413-2D93-4F92-B247-536CABBA5077}.Release|Any CPU.Build.0 = Release|Any CPU
		{404ACE72-D619-4B43-9739-5A5E9AC4EDE8}.Debug|Any CPU.ActiveCfg = Debug|Any CPU
		{404ACE72-D619-4B43-9739-5A5E9AC4EDE8}.Debug|Any CPU.Build.0 = Debug|Any CPU
		{404ACE72-D619-4B43-9739-5A5E9AC4EDE8}.Release|Any CPU.ActiveCfg = Release|Any CPU
		{404ACE72-D619-4B43-9739-5A5E9AC4EDE8}.Release|Any CPU.Build.0 = Release|Any CPU
		{2BDC043B-A17E-4ACB-9696-3E2A92309BED}.Debug|Any CPU.ActiveCfg = Debug|Any CPU
		{2BDC043B-A17E-4ACB-9696-3E2A92309BED}.Debug|Any CPU.Build.0 = Debug|Any CPU
		{2BDC043B-A17E-4ACB-9696-3E2A92309BED}.Release|Any CPU.ActiveCfg = Release|Any CPU
		{2BDC043B-A17E-4ACB-9696-3E2A92309BED}.Release|Any CPU.Build.0 = Release|Any CPU
	EndGlobalSection
	GlobalSection(SolutionProperties) = preSolution
		HideSolutionNode = FALSE
	EndGlobalSection
	GlobalSection(ExtensibilityGlobals) = postSolution
		SolutionGuid = {BEA445A9-CE8E-4875-8DDE-AF44D27CB804}
	EndGlobalSection
EndGlobal
